
Microsoft Visual Studio Solution File, Format Version 12.00
# Visual Studio Version 16
VisualStudioVersion = 16.0.30128.74
MinimumVisualStudioVersion = 10.0.40219.1
Project("{FAE04EC0-301F-11D3-BF4B-00C04F79EFBC}") = "WebApplication4", "WebApplication4\WebApplication4.csproj", "{98C01905-EAFF-4D4B-88B7-9D4E4DFD39DD}"
EndProject
Global
	GlobalSection(SolutionConfigurationPlatforms) = preSolution
		Debug|Any CPU = Debug|Any CPU
		Release|Any CPU = Release|Any CPU
	EndGlobalSection
	GlobalSection(ProjectConfigurationPlatforms) = postSolution
		{98C01905-EAFF-4D4B-88B7-9D4E4DFD39DD}.Debug|Any CPU.ActiveCfg = Debug|Any CPU
		{98C01905-EAFF-4D4B-88B7-9D4E4DFD39DD}.Debug|Any CPU.Build.0 = Debug|Any CPU
		{98C01905-EAFF-4D4B-88B7-9D4E4DFD39DD}.Release|Any CPU.ActiveCfg = Release|Any CPU
		{98C01905-EAFF-4D4B-88B7-9D4E4DFD39DD}.Release|Any CPU.Build.0 = Release|Any CPU
	EndGlobalSection
	GlobalSection(SolutionProperties) = preSolution
		HideSolutionNode = FALSE
	EndGlobalSection
	GlobalSection(ExtensibilityGlobals) = postSolution
		SolutionGuid = {6C2D5D27-35E1-49DD-8815-007AFF8304D8}
	EndGlobalSection
EndGlobal
